
Microsoft Visual Studio Solution File, Format Version 12.00
# Visual Studio Version 17
VisualStudioVersion = 17.7.34221.43
MinimumVisualStudioVersion = 10.0.40219.1
Project("{2150E333-8FDC-42A3-9474-1A3956D46DE8}") = "Core", "Core", "{E271D464-CE1B-498D-AF70-110875E2FD2D}"
EndProject
Project("{2150E333-8FDC-42A3-9474-1A3956D46DE8}") = "Infrastructure", "Infrastructure", "{9689C9EF-242C-40D4-8F1F-BB11CB7AD734}"
EndProject
Project("{2150E333-8FDC-42A3-9474-1A3956D46DE8}") = "Presentation", "Presentation", "{8C6E1BA8-A131-4DE2-BFAD-D334A42A0FDE}"
EndProject
Project("{2150E333-8FDC-42A3-9474-1A3956D46DE8}") = "Tests", "Tests", "{5AA818EE-206F-4C2F-9FD1-0FB6EAC38EC2}"
EndProject
Project("{FAE04EC0-301F-11D3-BF4B-00C04F79EFBC}") = "Notes.Domain", "Notes.Domain\Notes.Domain.csproj", "{FB94F0C3-B0B1-4079-8478-7F145FC4BF06}"
EndProject
Project("{FAE04EC0-301F-11D3-BF4B-00C04F79EFBC}") = "Notes.Application", "Notes.Application\Notes.Application.csproj", "{6D8BBE5C-D48B-4EEB-AC0B-08ECFD3DCC43}"
EndProject
Global
	GlobalSection(SolutionConfigurationPlatforms) = preSolution
		Debug|Any CPU = Debug|Any CPU
		Release|Any CPU = Release|Any CPU
	EndGlobalSection
	GlobalSection(ProjectConfigurationPlatforms) = postSolution
		{FB94F0C3-B0B1-4079-8478-7F145FC4BF06}.Debug|Any CPU.ActiveCfg = Debug|Any CPU
		{FB94F0C3-B0B1-4079-8478-7F145FC4BF06}.Debug|Any CPU.Build.0 = Debug|Any CPU
		{FB94F0C3-B0B1-4079-8478-7F145FC4BF06}.Release|Any CPU.ActiveCfg = Release|Any CPU
		{FB94F0C3-B0B1-4079-8478-7F145FC4BF06}.Release|Any CPU.Build.0 = Release|Any CPU
		{6D8BBE5C-D48B-4EEB-AC0B-08ECFD3DCC43}.Debug|Any CPU.ActiveCfg = Debug|Any CPU
		{6D8BBE5C-D48B-4EEB-AC0B-08ECFD3DCC43}.Debug|Any CPU.Build.0 = Debug|Any CPU
		{6D8BBE5C-D48B-4EEB-AC0B-08ECFD3DCC43}.Release|Any CPU.ActiveCfg = Release|Any CPU
		{6D8BBE5C-D48B-4EEB-AC0B-08ECFD3DCC43}.Release|Any CPU.Build.0 = Release|Any CPU
	EndGlobalSection
	GlobalSection(SolutionProperties) = preSolution
		HideSolutionNode = FALSE
	EndGlobalSection
	GlobalSection(NestedProjects) = preSolution
		{FB94F0C3-B0B1-4079-8478-7F145FC4BF06} = {E271D464-CE1B-498D-AF70-110875E2FD2D}
		{6D8BBE5C-D48B-4EEB-AC0B-08ECFD3DCC43} = {E271D464-CE1B-498D-AF70-110875E2FD2D}
	EndGlobalSection
	GlobalSection(ExtensibilityGlobals) = postSolution
		SolutionGuid = {57848DDF-8C58-4201-AD37-A3D47B3A9E56}
	EndGlobalSection
EndGlobal
